{
  "name": "credit_card-1lvl",
  "version": "1.0.0",
  "lockfileVersion": 2,
  "requires": true,
  "packages": {
    "": {
      "name": "credit_card-1lvl",
      "version": "1.0.0",
      "license": "ISC",
      "dependencies": {
        "credit-card-space": "^1.4.2",
        "creditcardutils": "^1.0.0",
        "redom": "^3.27.1"
      }
    },
    "node_modules/credit-card-space": {
      "version": "1.4.2",
      "resolved": "https://registry.npmjs.org/credit-card-space/-/credit-card-space-1.4.2.tgz",
      "integrity": "sha512-OT8p8Jl5UeaKIqtWK4218+ZqOqyvs3BqGcDxLa5eusRYeUhMQVRMn0Z0PM2MIGEfCuhlJ7z4XdXnqj5u3gfCww=="
    },
    "node_modules/creditcardutils": {
      "version": "1.0.0",
      "resolved": "https://registry.npmjs.org/creditcardutils/-/creditcardutils-1.0.0.tgz",
      "integrity": "sha1-yUrY5vXvJJsEY+Dl6o16fE6c5CU="
    },
    "node_modules/redom": {
      "version": "3.27.1",
      "resolved": "https://registry.npmjs.org/redom/-/redom-3.27.1.tgz",
      "integrity": "sha512-hq3/nnY3GyanNvEx5xLopg+HMIZHEQrFuNiUwTQqsOv53tVPYX6Rei8o5hCALGZtUlMWYRiJ/gd4pZCvgGyGig==",
      "funding": {
        "type": "opencollective",
        "url": "https://opencollective.com/redom"
      }
    }
  },
  "dependencies": {
    "credit-card-space": {
      "version": "1.4.2",
      "resolved": "https://registry.npmjs.org/credit-card-space/-/credit-card-space-1.4.2.tgz",
      "integrity": "sha512-OT8p8Jl5UeaKIqtWK4218+ZqOqyvs3BqGcDxLa5eusRYeUhMQVRMn0Z0PM2MIGEfCuhlJ7z4XdXnqj5u3gfCww=="
    },
    "creditcardutils": {
      "version": "1.0.0",
      "resolved": "https://registry.npmjs.org/creditcardutils/-/creditcardutils-1.0.0.tgz",
      "integrity": "sha1-yUrY5vXvJJsEY+Dl6o16fE6c5CU="
    },
    "redom": {
      "version": "3.27.1",
      "resolved": "https://registry.npmjs.org/redom/-/redom-3.27.1.tgz",
      "integrity": "sha512-hq3/nnY3GyanNvEx5xLopg+HMIZHEQrFuNiUwTQqsOv53tVPYX6Rei8o5hCALGZtUlMWYRiJ/gd4pZCvgGyGig=="
    }
  }
}
